# This file was autogenerated by Stack.
# You should not edit this file by hand.
# For more information, please see the documentation at:
#   https://docs.haskellstack.org/en/stable/lock_files

packages:
- completed:
    cabal-file:
      size: 1716
      sha256: ad95a0bdfc92eabf8995f758def6467f77d547e978406a38652534b74e35840b
    name: c-mosquitto
    version: 0.2.2.0
    git: https://github.com/sztupi/c-mosquitto
    pantry-tree:
      size: 708
      sha256: 58b1a1326c71c958951f9c917b497a7f2c003b3f498cb39c8376af1e1b21fb0e
    commit: 789f5bedb4a042be3fcd8b33fec8a719b53b65c2
  original:
    git: https://github.com/sztupi/c-mosquitto
    commit: 789f5bedb4a042be3fcd8b33fec8a719b53b65c2
snapshots:
- completed:
    size: 498402
    url: https://raw.githubusercontent.com/commercialhaskell/stackage-snapshots/master/lts/13/24.yaml
    sha256: 33e96adfe24f112b62f6edd22565cdbaa13155703bbfbfdc3d0a9bc6138ae7bf
  original: lts-13.24
